
Microsoft Visual Studio Solution File, Format Version 12.00
# Visual Studio Version 17
VisualStudioVersion = 17.4.33110.190
MinimumVisualStudioVersion = 10.0.40219.1
Project("{9A19103F-16F7-4668-BE54-9A1E7A4F7556}") = "LoadingFolder", "LoadingFolder\LoadingFolder.csproj", "{72EC1758-2C90-46AA-A6CA-37ECC420D7F5}"
EndProject
Project("{9A19103F-16F7-4668-BE54-9A1E7A4F7556}") = "BookCrawler", "PageForm\BookCrawler.csproj", "{7ED99373-AAA6-4C67-92E9-8688F4CDC19D}"
EndProject
Project("{9A19103F-16F7-4668-BE54-9A1E7A4F7556}") = "Pracitce", "Pracitce\Pracitce.csproj", "{AFCD3BA4-10D1-48B2-8A37-F5EB0C4F4E33}"
EndProject
Project("{9A19103F-16F7-4668-BE54-9A1E7A4F7556}") = "BookCrawlerNoSubpage", "BookCrawlerNoSubpage\BookCrawlerNoSubpage.csproj", "{87EAAD2C-E51E-433C-B89E-75A58956B19E}"
EndProject
Global
	GlobalSection(SolutionConfigurationPlatforms) = preSolution
		Debug|Any CPU = Debug|Any CPU
		Release|Any CPU = Release|Any CPU
	EndGlobalSection
	GlobalSection(ProjectConfigurationPlatforms) = postSolution
		{72EC1758-2C90-46AA-A6CA-37ECC420D7F5}.Debug|Any CPU.ActiveCfg = Debug|Any CPU
		{72EC1758-2C90-46AA-A6CA-37ECC420D7F5}.Debug|Any CPU.Build.0 = Debug|Any CPU
		{72EC1758-2C90-46AA-A6CA-37ECC420D7F5}.Release|Any CPU.ActiveCfg = Release|Any CPU
		{72EC1758-2C90-46AA-A6CA-37ECC420D7F5}.Release|Any CPU.Build.0 = Release|Any CPU
		{7ED99373-AAA6-4C67-92E9-8688F4CDC19D}.Debug|Any CPU.ActiveCfg = Debug|Any CPU
		{7ED99373-AAA6-4C67-92E9-8688F4CDC19D}.Debug|Any CPU.Build.0 = Debug|Any CPU
		{7ED99373-AAA6-4C67-92E9-8688F4CDC19D}.Release|Any CPU.ActiveCfg = Release|Any CPU
		{7ED99373-AAA6-4C67-92E9-8688F4CDC19D}.Release|Any CPU.Build.0 = Release|Any CPU
		{AFCD3BA4-10D1-48B2-8A37-F5EB0C4F4E33}.Debug|Any CPU.ActiveCfg = Debug|Any CPU
		{AFCD3BA4-10D1-48B2-8A37-F5EB0C4F4E33}.Debug|Any CPU.Build.0 = Debug|Any CPU
		{AFCD3BA4-10D1-48B2-8A37-F5EB0C4F4E33}.Release|Any CPU.ActiveCfg = Release|Any CPU
		{AFCD3BA4-10D1-48B2-8A37-F5EB0C4F4E33}.Release|Any CPU.Build.0 = Release|Any CPU
		{87EAAD2C-E51E-433C-B89E-75A58956B19E}.Debug|Any CPU.ActiveCfg = Debug|Any CPU
		{87EAAD2C-E51E-433C-B89E-75A58956B19E}.Debug|Any CPU.Build.0 = Debug|Any CPU
		{87EAAD2C-E51E-433C-B89E-75A58956B19E}.Release|Any CPU.ActiveCfg = Release|Any CPU
		{87EAAD2C-E51E-433C-B89E-75A58956B19E}.Release|Any CPU.Build.0 = Release|Any CPU
	EndGlobalSection
	GlobalSection(SolutionProperties) = preSolution
		HideSolutionNode = FALSE
	EndGlobalSection
	GlobalSection(ExtensibilityGlobals) = postSolution
		SolutionGuid = {7CEB7D63-ED2B-4BCD-B1B9-5DEA745618BE}
	EndGlobalSection
EndGlobal
